
Microsoft Visual Studio Solution File, Format Version 12.00
# Visual Studio Version 17
VisualStudioVersion = 17.9.34728.123
MinimumVisualStudioVersion = 10.0.40219.1
Project("{9A19103F-16F7-4668-BE54-9A1E7A4F7556}") = "Tp1ApiGateway", "Tp1ApiGateway\Tp1ApiGateway.csproj", "{3BECF7EC-E3AA-4AC7-A70F-090611DF6DF4}"
EndProject
Project("{9A19103F-16F7-4668-BE54-9A1E7A4F7556}") = "Tp1UserControllManager", "Tp1UserControllManager\Tp1UserControllManager.csproj", "{ED027370-403F-4F84-BCCE-88DEAFDF000B}"
EndProject
Project("{E53339B2-1760-4266-BCC7-CA923CBCF16C}") = "docker-compose", "docker-compose.dcproj", "{0744D701-579B-44C4-B485-87827ECAE38F}"
EndProject
Project("{9A19103F-16F7-4668-BE54-9A1E7A4F7556}") = "TrackingService", "TrackingService\TrackingService.csproj", "{7E935D0B-D9ED-4BB6-9847-C118C5AA1A6A}"
EndProject
Project("{9A19103F-16F7-4668-BE54-9A1E7A4F7556}") = "TrackingConsumer", "TrackingConsumer\TrackingConsumer.csproj", "{9E14532A-46FC-4B25-B6CB-C12F950D39A4}"
EndProject
Project("{FAE04EC0-301F-11D3-BF4B-00C04F79EFBC}") = "BlackListAPI", "BlackListAPI\BlackListAPI.csproj", "{069485AD-FE34-48B7-96B0-93F8EF1F24FF}"
EndProject
Global
	GlobalSection(SolutionConfigurationPlatforms) = preSolution
		Debug|Any CPU = Debug|Any CPU
		Release|Any CPU = Release|Any CPU
	EndGlobalSection
	GlobalSection(ProjectConfigurationPlatforms) = postSolution
		{3BECF7EC-E3AA-4AC7-A70F-090611DF6DF4}.Debug|Any CPU.ActiveCfg = Debug|Any CPU
		{3BECF7EC-E3AA-4AC7-A70F-090611DF6DF4}.Debug|Any CPU.Build.0 = Debug|Any CPU
		{3BECF7EC-E3AA-4AC7-A70F-090611DF6DF4}.Release|Any CPU.ActiveCfg = Release|Any CPU
		{3BECF7EC-E3AA-4AC7-A70F-090611DF6DF4}.Release|Any CPU.Build.0 = Release|Any CPU
		{ED027370-403F-4F84-BCCE-88DEAFDF000B}.Debug|Any CPU.ActiveCfg = Debug|Any CPU
		{ED027370-403F-4F84-BCCE-88DEAFDF000B}.Debug|Any CPU.Build.0 = Debug|Any CPU
		{ED027370-403F-4F84-BCCE-88DEAFDF000B}.Release|Any CPU.ActiveCfg = Release|Any CPU
		{ED027370-403F-4F84-BCCE-88DEAFDF000B}.Release|Any CPU.Build.0 = Release|Any CPU
		{0744D701-579B-44C4-B485-87827ECAE38F}.Debug|Any CPU.ActiveCfg = Debug|Any CPU
		{0744D701-579B-44C4-B485-87827ECAE38F}.Debug|Any CPU.Build.0 = Debug|Any CPU
		{0744D701-579B-44C4-B485-87827ECAE38F}.Release|Any CPU.ActiveCfg = Release|Any CPU
		{0744D701-579B-44C4-B485-87827ECAE38F}.Release|Any CPU.Build.0 = Release|Any CPU
		{7E935D0B-D9ED-4BB6-9847-C118C5AA1A6A}.Debug|Any CPU.ActiveCfg = Debug|Any CPU
		{7E935D0B-D9ED-4BB6-9847-C118C5AA1A6A}.Debug|Any CPU.Build.0 = Debug|Any CPU
		{7E935D0B-D9ED-4BB6-9847-C118C5AA1A6A}.Release|Any CPU.ActiveCfg = Release|Any CPU
		{7E935D0B-D9ED-4BB6-9847-C118C5AA1A6A}.Release|Any CPU.Build.0 = Release|Any CPU
		{9E14532A-46FC-4B25-B6CB-C12F950D39A4}.Debug|Any CPU.ActiveCfg = Debug|Any CPU
		{9E14532A-46FC-4B25-B6CB-C12F950D39A4}.Debug|Any CPU.Build.0 = Debug|Any CPU
		{9E14532A-46FC-4B25-B6CB-C12F950D39A4}.Release|Any CPU.ActiveCfg = Release|Any CPU
		{9E14532A-46FC-4B25-B6CB-C12F950D39A4}.Release|Any CPU.Build.0 = Release|Any CPU
		{069485AD-FE34-48B7-96B0-93F8EF1F24FF}.Debug|Any CPU.ActiveCfg = Debug|Any CPU
		{069485AD-FE34-48B7-96B0-93F8EF1F24FF}.Debug|Any CPU.Build.0 = Debug|Any CPU
		{069485AD-FE34-48B7-96B0-93F8EF1F24FF}.Release|Any CPU.ActiveCfg = Release|Any CPU
		{069485AD-FE34-48B7-96B0-93F8EF1F24FF}.Release|Any CPU.Build.0 = Release|Any CPU
	EndGlobalSection
	GlobalSection(SolutionProperties) = preSolution
		HideSolutionNode = FALSE
	EndGlobalSection
	GlobalSection(ExtensibilityGlobals) = postSolution
		SolutionGuid = {B5D104E1-D5F6-424C-A3A5-B5E9B60F2B7A}
	EndGlobalSection
EndGlobal
